
Microsoft Visual Studio Solution File, Format Version 12.00
# Visual Studio 2013
VisualStudioVersion = 12.0.40629.0
MinimumVisualStudioVersion = 10.0.40219.1
Project("{FAE04EC0-301F-11D3-BF4B-00C04F79EFBC}") = "CarFinder_v2", "CarFinder_v2\CarFinder_v2.csproj", "{B3932F47-05E9-4447-9F9A-C81E22DFAFFB}"
EndProject
Global
	GlobalSection(SolutionConfigurationPlatforms) = preSolution
		Debug|Any CPU = Debug|Any CPU
		Release|Any CPU = Release|Any CPU
	EndGlobalSection
	GlobalSection(ProjectConfigurationPlatforms) = postSolution
		{B3932F47-05E9-4447-9F9A-C81E22DFAFFB}.Debug|Any CPU.ActiveCfg = Debug|Any CPU
		{B3932F47-05E9-4447-9F9A-C81E22DFAFFB}.Debug|Any CPU.Build.0 = Debug|Any CPU
		{B3932F47-05E9-4447-9F9A-C81E22DFAFFB}.Release|Any CPU.ActiveCfg = Release|Any CPU
		{B3932F47-05E9-4447-9F9A-C81E22DFAFFB}.Release|Any CPU.Build.0 = Release|Any CPU
	EndGlobalSection
	GlobalSection(SolutionProperties) = preSolution
		HideSolutionNode = FALSE
	EndGlobalSection
EndGlobal
